
Microsoft Visual Studio Solution File, Format Version 12.00
# Visual Studio Version 17
VisualStudioVersion = 17.9.34728.123
MinimumVisualStudioVersion = 10.0.40219.1
Project("{9A19103F-16F7-4668-BE54-9A1E7A4F7556}") = "ETR", "ETR\ETR.csproj", "{270EF550-2946-4395-885A-E2C7FA4E3DEB}"
EndProject
Project("{FAE04EC0-301F-11D3-BF4B-00C04F79EFBC}") = "ETRTests", "ETRTests\ETRTests.csproj", "{4BDE49AC-668A-4114-86B9-7D5E4FCEF8E7}"
EndProject
Global
	GlobalSection(SolutionConfigurationPlatforms) = preSolution
		Debug|Any CPU = Debug|Any CPU
		Release|Any CPU = Release|Any CPU
	EndGlobalSection
	GlobalSection(ProjectConfigurationPlatforms) = postSolution
		{270EF550-2946-4395-885A-E2C7FA4E3DEB}.Debug|Any CPU.ActiveCfg = Debug|Any CPU
		{270EF550-2946-4395-885A-E2C7FA4E3DEB}.Debug|Any CPU.Build.0 = Debug|Any CPU
		{270EF550-2946-4395-885A-E2C7FA4E3DEB}.Release|Any CPU.ActiveCfg = Release|Any CPU
		{270EF550-2946-4395-885A-E2C7FA4E3DEB}.Release|Any CPU.Build.0 = Release|Any CPU
		{4BDE49AC-668A-4114-86B9-7D5E4FCEF8E7}.Debug|Any CPU.ActiveCfg = Debug|Any CPU
		{4BDE49AC-668A-4114-86B9-7D5E4FCEF8E7}.Debug|Any CPU.Build.0 = Debug|Any CPU
		{4BDE49AC-668A-4114-86B9-7D5E4FCEF8E7}.Release|Any CPU.ActiveCfg = Release|Any CPU
		{4BDE49AC-668A-4114-86B9-7D5E4FCEF8E7}.Release|Any CPU.Build.0 = Release|Any CPU
	EndGlobalSection
	GlobalSection(SolutionProperties) = preSolution
		HideSolutionNode = FALSE
	EndGlobalSection
	GlobalSection(ExtensibilityGlobals) = postSolution
		SolutionGuid = {E1654D92-68A2-4C8F-8D9B-6C5E40E130CA}
	EndGlobalSection
EndGlobal
